
Microsoft Visual Studio Solution File, Format Version 12.00
# Visual Studio 2013
VisualStudioVersion = 12.0.31101.0
MinimumVisualStudioVersion = 10.0.40219.1
Project("{FAE04EC0-301F-11D3-BF4B-00C04F79EFBC}") = "AmbientLightNet.Configurator", "AmbientLightNet.Configurator\AmbientLightNet.Configurator.csproj", "{E65195F7-1173-4B13-A171-D94076CFD3C6}"
EndProject
Project("{FAE04EC0-301F-11D3-BF4B-00C04F79EFBC}") = "AmbientLightNet.Infrastructure", "AmbientLightNet.Infrastructure\AmbientLightNet.Infrastructure.csproj", "{22110CB7-D74B-4348-8FBD-146BF60E104E}"
EndProject
Project("{FAE04EC0-301F-11D3-BF4B-00C04F79EFBC}") = "AmbientLightNet.Service", "AmbientLightNet.Service\AmbientLightNet.Service.csproj", "{B861287D-B449-4EE7-8A47-0AF65EDCB710}"
EndProject
Project("{FAE04EC0-301F-11D3-BF4B-00C04F79EFBC}") = "AmbientLightNet.MagicHomePlugin", "AmbientLightNet.MagicHomePlugin\AmbientLightNet.MagicHomePlugin.csproj", "{E8D5CDC0-FF50-4396-B7E1-1E4EAC511F18}"
EndProject
Project("{FAE04EC0-301F-11D3-BF4B-00C04F79EFBC}") = "AmbiLightNet.PluginBase", "AmbiLightNet.PluginBase\AmbiLightNet.PluginBase.csproj", "{CD11574C-65F7-439A-860C-7C5A37B8D9E1}"
EndProject
Project("{FAE04EC0-301F-11D3-BF4B-00C04F79EFBC}") = "AmbientLightNet.DebugOutputPlugin", "AmbientLightNet.DebugOutputPlugin\AmbientLightNet.DebugOutputPlugin.csproj", "{DBEDEDB2-3DEC-493F-AF6F-9A0E50576011}"
EndProject
Project("{FAE04EC0-301F-11D3-BF4B-00C04F79EFBC}") = "AmbientLightNet.UnitTests", "AmbientLightNet.UnitTests\AmbientLightNet.UnitTests.csproj", "{10488A72-5F9C-4F08-A1E8-EB0FC9A442E4}"
EndProject
Project("{2150E333-8FDC-42A3-9474-1A3956D46DE8}") = "Configurator", "Configurator", "{BBC5AFF8-D373-4FD9-B5E1-29622746302B}"
EndProject
Project("{2150E333-8FDC-42A3-9474-1A3956D46DE8}") = "OutputPlugins", "OutputPlugins", "{42A10420-68C9-415E-B97F-C1FEF90DDF2F}"
EndProject
Project("{2150E333-8FDC-42A3-9474-1A3956D46DE8}") = "Service", "Service", "{1785BCE5-8DC6-4D37-93C5-92F8A6F18494}"
EndProject
Project("{2150E333-8FDC-42A3-9474-1A3956D46DE8}") = "ScreenCapture", "ScreenCapture", "{267F5E50-D1E4-448E-85D9-AE94EF40CDB8}"
EndProject
Project("{FAE04EC0-301F-11D3-BF4B-00C04F79EFBC}") = "AmbientLightNet.GdiScreenCapture", "AmbientLightNet.GdiScreenCapture\AmbientLightNet.GdiScreenCapture.csproj", "{E29E6C1F-8A37-4336-B93A-C19E2377591B}"
EndProject
Project("{FAE04EC0-301F-11D3-BF4B-00C04F79EFBC}") = "AmbientLightNet.ScreenCapture.Infrastructure", "AmbientLightNet.ScreenCapture.Infrastructure\AmbientLightNet.ScreenCapture.Infrastructure.csproj", "{724DD3BA-7F54-4691-A677-D4ACE4C28ABC}"
EndProject
Project("{FAE04EC0-301F-11D3-BF4B-00C04F79EFBC}") = "AmbientLightNet.DesktopDuplicationScreenCapture", "AmbientLightNet.DesktopDuplicationScreenCapture\AmbientLightNet.DesktopDuplicationScreenCapture.csproj", "{F16141E1-E29A-4F07-8AA8-206D027F4B82}"
EndProject
Global
	GlobalSection(SolutionConfigurationPlatforms) = preSolution
		Debug|Any CPU = Debug|Any CPU
		Release|Any CPU = Release|Any CPU
	EndGlobalSection
	GlobalSection(ProjectConfigurationPlatforms) = postSolution
		{E65195F7-1173-4B13-A171-D94076CFD3C6}.Debug|Any CPU.ActiveCfg = Debug|Any CPU
		{E65195F7-1173-4B13-A171-D94076CFD3C6}.Debug|Any CPU.Build.0 = Debug|Any CPU
		{E65195F7-1173-4B13-A171-D94076CFD3C6}.Release|Any CPU.ActiveCfg = Release|Any CPU
		{E65195F7-1173-4B13-A171-D94076CFD3C6}.Release|Any CPU.Build.0 = Release|Any CPU
		{22110CB7-D74B-4348-8FBD-146BF60E104E}.Debug|Any CPU.ActiveCfg = Debug|Any CPU
		{22110CB7-D74B-4348-8FBD-146BF60E104E}.Debug|Any CPU.Build.0 = Debug|Any CPU
		{22110CB7-D74B-4348-8FBD-146BF60E104E}.Release|Any CPU.ActiveCfg = Release|Any CPU
		{22110CB7-D74B-4348-8FBD-146BF60E104E}.Release|Any CPU.Build.0 = Release|Any CPU
		{B861287D-B449-4EE7-8A47-0AF65EDCB710}.Debug|Any CPU.ActiveCfg = Debug|Any CPU
		{B861287D-B449-4EE7-8A47-0AF65EDCB710}.Debug|Any CPU.Build.0 = Debug|Any CPU
		{B861287D-B449-4EE7-8A47-0AF65EDCB710}.Release|Any CPU.ActiveCfg = Release|Any CPU
		{B861287D-B449-4EE7-8A47-0AF65EDCB710}.Release|Any CPU.Build.0 = Release|Any CPU
		{E8D5CDC0-FF50-4396-B7E1-1E4EAC511F18}.Debug|Any CPU.ActiveCfg = Debug|Any CPU
		{E8D5CDC0-FF50-4396-B7E1-1E4EAC511F18}.Debug|Any CPU.Build.0 = Debug|Any CPU
		{E8D5CDC0-FF50-4396-B7E1-1E4EAC511F18}.Release|Any CPU.ActiveCfg = Release|Any CPU
		{E8D5CDC0-FF50-4396-B7E1-1E4EAC511F18}.Release|Any CPU.Build.0 = Release|Any CPU
		{CD11574C-65F7-439A-860C-7C5A37B8D9E1}.Debug|Any CPU.ActiveCfg = Debug|Any CPU
		{CD11574C-65F7-439A-860C-7C5A37B8D9E1}.Debug|Any CPU.Build.0 = Debug|Any CPU
		{CD11574C-65F7-439A-860C-7C5A37B8D9E1}.Release|Any CPU.ActiveCfg = Release|Any CPU
		{CD11574C-65F7-439A-860C-7C5A37B8D9E1}.Release|Any CPU.Build.0 = Release|Any CPU
		{DBEDEDB2-3DEC-493F-AF6F-9A0E50576011}.Debug|Any CPU.ActiveCfg = Debug|Any CPU
		{DBEDEDB2-3DEC-493F-AF6F-9A0E50576011}.Debug|Any CPU.Build.0 = Debug|Any CPU
		{DBEDEDB2-3DEC-493F-AF6F-9A0E50576011}.Release|Any CPU.ActiveCfg = Release|Any CPU
		{DBEDEDB2-3DEC-493F-AF6F-9A0E50576011}.Release|Any CPU.Build.0 = Release|Any CPU
		{10488A72-5F9C-4F08-A1E8-EB0FC9A442E4}.Debug|Any CPU.ActiveCfg = Debug|Any CPU
		{10488A72-5F9C-4F08-A1E8-EB0FC9A442E4}.Debug|Any CPU.Build.0 = Debug|Any CPU
		{10488A72-5F9C-4F08-A1E8-EB0FC9A442E4}.Release|Any CPU.ActiveCfg = Release|Any CPU
		{10488A72-5F9C-4F08-A1E8-EB0FC9A442E4}.Release|Any CPU.Build.0 = Release|Any CPU
		{E29E6C1F-8A37-4336-B93A-C19E2377591B}.Debug|Any CPU.ActiveCfg = Debug|Any CPU
		{E29E6C1F-8A37-4336-B93A-C19E2377591B}.Debug|Any CPU.Build.0 = Debug|Any CPU
		{E29E6C1F-8A37-4336-B93A-C19E2377591B}.Release|Any CPU.ActiveCfg = Release|Any CPU
		{E29E6C1F-8A37-4336-B93A-C19E2377591B}.Release|Any CPU.Build.0 = Release|Any CPU
		{724DD3BA-7F54-4691-A677-D4ACE4C28ABC}.Debug|Any CPU.ActiveCfg = Debug|Any CPU
		{724DD3BA-7F54-4691-A677-D4ACE4C28ABC}.Debug|Any CPU.Build.0 = Debug|Any CPU
		{724DD3BA-7F54-4691-A677-D4ACE4C28ABC}.Release|Any CPU.ActiveCfg = Release|Any CPU
		{724DD3BA-7F54-4691-A677-D4ACE4C28ABC}.Release|Any CPU.Build.0 = Release|Any CPU
		{F16141E1-E29A-4F07-8AA8-206D027F4B82}.Debug|Any CPU.ActiveCfg = Debug|Any CPU
		{F16141E1-E29A-4F07-8AA8-206D027F4B82}.Debug|Any CPU.Build.0 = Debug|Any CPU
		{F16141E1-E29A-4F07-8AA8-206D027F4B82}.Release|Any CPU.ActiveCfg = Release|Any CPU
		{F16141E1-E29A-4F07-8AA8-206D027F4B82}.Release|Any CPU.Build.0 = Release|Any CPU
	EndGlobalSection
	GlobalSection(SolutionProperties) = preSolution
		HideSolutionNode = FALSE
	EndGlobalSection
	GlobalSection(NestedProjects) = preSolution
		{E65195F7-1173-4B13-A171-D94076CFD3C6} = {BBC5AFF8-D373-4FD9-B5E1-29622746302B}
		{B861287D-B449-4EE7-8A47-0AF65EDCB710} = {1785BCE5-8DC6-4D37-93C5-92F8A6F18494}
		{E8D5CDC0-FF50-4396-B7E1-1E4EAC511F18} = {42A10420-68C9-415E-B97F-C1FEF90DDF2F}
		{CD11574C-65F7-439A-860C-7C5A37B8D9E1} = {42A10420-68C9-415E-B97F-C1FEF90DDF2F}
		{DBEDEDB2-3DEC-493F-AF6F-9A0E50576011} = {42A10420-68C9-415E-B97F-C1FEF90DDF2F}
		{E29E6C1F-8A37-4336-B93A-C19E2377591B} = {267F5E50-D1E4-448E-85D9-AE94EF40CDB8}
		{724DD3BA-7F54-4691-A677-D4ACE4C28ABC} = {267F5E50-D1E4-448E-85D9-AE94EF40CDB8}
		{F16141E1-E29A-4F07-8AA8-206D027F4B82} = {267F5E50-D1E4-448E-85D9-AE94EF40CDB8}
	EndGlobalSection
EndGlobal
